
Microsoft Visual Studio Solution File, Format Version 12.00
# Visual Studio 15
VisualStudioVersion = 15.0.27004.2005
MinimumVisualStudioVersion = 10.0.40219.1
Project("{FAE04EC0-301F-11D3-BF4B-00C04F79EFBC}") = "CertMS", "CertMS\CertMS.csproj", "{21972A9C-9F92-4022-BF05-0F6C79F7DC99}"
EndProject
Project("{FAE04EC0-301F-11D3-BF4B-00C04F79EFBC}") = "CertMS.Tests", "CertMS.Tests\CertMS.Tests.csproj", "{C221E805-A875-4145-B779-4799A24FBFA0}"
EndProject
Global
	GlobalSection(SolutionConfigurationPlatforms) = preSolution
		Debug|Any CPU = Debug|Any CPU
		Release|Any CPU = Release|Any CPU
	EndGlobalSection
	GlobalSection(ProjectConfigurationPlatforms) = postSolution
		{21972A9C-9F92-4022-BF05-0F6C79F7DC99}.Debug|Any CPU.ActiveCfg = Debug|Any CPU
		{21972A9C-9F92-4022-BF05-0F6C79F7DC99}.Debug|Any CPU.Build.0 = Debug|Any CPU
		{21972A9C-9F92-4022-BF05-0F6C79F7DC99}.Release|Any CPU.ActiveCfg = Release|Any CPU
		{21972A9C-9F92-4022-BF05-0F6C79F7DC99}.Release|Any CPU.Build.0 = Release|Any CPU
		{C221E805-A875-4145-B779-4799A24FBFA0}.Debug|Any CPU.ActiveCfg = Debug|Any CPU
		{C221E805-A875-4145-B779-4799A24FBFA0}.Debug|Any CPU.Build.0 = Debug|Any CPU
		{C221E805-A875-4145-B779-4799A24FBFA0}.Release|Any CPU.ActiveCfg = Release|Any CPU
		{C221E805-A875-4145-B779-4799A24FBFA0}.Release|Any CPU.Build.0 = Release|Any CPU
	EndGlobalSection
	GlobalSection(SolutionProperties) = preSolution
		HideSolutionNode = FALSE
	EndGlobalSection
	GlobalSection(ExtensibilityGlobals) = postSolution
		SolutionGuid = {839BC5AC-D7AF-4173-B205-0F47C97F33BB}
	EndGlobalSection
EndGlobal
